
Microsoft Visual Studio Solution File, Format Version 12.00
# Visual Studio Version 17
VisualStudioVersion = 17.3.32901.215
MinimumVisualStudioVersion = 10.0.40219.1
Project("{FAE04EC0-301F-11D3-BF4B-00C04F79EFBC}") = "codefirst", "codefirst.csproj", "{D73714C9-0ADD-4539-AFB5-7FBDF26BECA2}"
EndProject
Global
	GlobalSection(SolutionConfigurationPlatforms) = preSolution
		Debug|Any CPU = Debug|Any CPU
		Release|Any CPU = Release|Any CPU
	EndGlobalSection
	GlobalSection(ProjectConfigurationPlatforms) = postSolution
		{D73714C9-0ADD-4539-AFB5-7FBDF26BECA2}.Debug|Any CPU.ActiveCfg = Debug|Any CPU
		{D73714C9-0ADD-4539-AFB5-7FBDF26BECA2}.Debug|Any CPU.Build.0 = Debug|Any CPU
		{D73714C9-0ADD-4539-AFB5-7FBDF26BECA2}.Release|Any CPU.ActiveCfg = Release|Any CPU
		{D73714C9-0ADD-4539-AFB5-7FBDF26BECA2}.Release|Any CPU.Build.0 = Release|Any CPU
	EndGlobalSection
	GlobalSection(SolutionProperties) = preSolution
		HideSolutionNode = FALSE
	EndGlobalSection
	GlobalSection(ExtensibilityGlobals) = postSolution
		SolutionGuid = {EF07FD97-DC70-41F6-BFB6-26628C63929B}
	EndGlobalSection
EndGlobal
